
Microsoft Visual Studio Solution File, Format Version 12.00
# Visual Studio 14
VisualStudioVersion = 14.0.23107.0
MinimumVisualStudioVersion = 10.0.40219.1
Project("{FAE04EC0-301F-11D3-BF4B-00C04F79EFBC}") = "WebAPI", "WebAPI\WebAPI.csproj", "{E66D2541-7497-4535-A9E7-27FC4939D418}"
EndProject
Global
	GlobalSection(SolutionConfigurationPlatforms) = preSolution
		Debug|Any CPU = Debug|Any CPU
		Release|Any CPU = Release|Any CPU
	EndGlobalSection
	GlobalSection(ProjectConfigurationPlatforms) = postSolution
		{E66D2541-7497-4535-A9E7-27FC4939D418}.Debug|Any CPU.ActiveCfg = Debug|Any CPU
		{E66D2541-7497-4535-A9E7-27FC4939D418}.Debug|Any CPU.Build.0 = Debug|Any CPU
		{E66D2541-7497-4535-A9E7-27FC4939D418}.Release|Any CPU.ActiveCfg = Release|Any CPU
		{E66D2541-7497-4535-A9E7-27FC4939D418}.Release|Any CPU.Build.0 = Release|Any CPU
	EndGlobalSection
	GlobalSection(SolutionProperties) = preSolution
		HideSolutionNode = FALSE
	EndGlobalSection
EndGlobal
